
Microsoft Visual Studio Solution File, Format Version 12.00
# Visual Studio Version 17
VisualStudioVersion = 17.14.36414.22
MinimumVisualStudioVersion = 10.0.40219.1
Project("{FAE04EC0-301F-11D3-BF4B-00C04F79EFBC}") = "Vidi Health", "Vidi Health.csproj", "{AD105E5B-ADB4-4A94-8C0E-3A6502439556}"
EndProject
Project("{8BC9CEB8-8B4A-11D0-8D11-00A0C91BC942}") = "MathEngine", "..\MathEngine\MathEngine.vcxproj", "{0E4015B9-CBDE-4276-AEBD-6AD7D65E46FC}"
EndProject
Global
	GlobalSection(SolutionConfigurationPlatforms) = preSolution
		Debug|Any CPU = Debug|Any CPU
		Release|Any CPU = Release|Any CPU
	EndGlobalSection
	GlobalSection(ProjectConfigurationPlatforms) = postSolution
		{AD105E5B-ADB4-4A94-8C0E-3A6502439556}.Debug|Any CPU.ActiveCfg = Debug|Any CPU
		{AD105E5B-ADB4-4A94-8C0E-3A6502439556}.Debug|Any CPU.Build.0 = Debug|Any CPU
		{AD105E5B-ADB4-4A94-8C0E-3A6502439556}.Debug|Any CPU.Deploy.0 = Debug|Any CPU
		{AD105E5B-ADB4-4A94-8C0E-3A6502439556}.Release|Any CPU.ActiveCfg = Release|Any CPU
		{AD105E5B-ADB4-4A94-8C0E-3A6502439556}.Release|Any CPU.Build.0 = Release|Any CPU
		{AD105E5B-ADB4-4A94-8C0E-3A6502439556}.Release|Any CPU.Deploy.0 = Release|Any CPU
		{0E4015B9-CBDE-4276-AEBD-6AD7D65E46FC}.Debug|Any CPU.ActiveCfg = Debug|x64
		{0E4015B9-CBDE-4276-AEBD-6AD7D65E46FC}.Debug|Any CPU.Build.0 = Debug|x64
		{0E4015B9-CBDE-4276-AEBD-6AD7D65E46FC}.Release|Any CPU.ActiveCfg = Release|x64
		{0E4015B9-CBDE-4276-AEBD-6AD7D65E46FC}.Release|Any CPU.Build.0 = Release|x64
	EndGlobalSection
	GlobalSection(SolutionProperties) = preSolution
		HideSolutionNode = FALSE
	EndGlobalSection
	GlobalSection(ExtensibilityGlobals) = postSolution
		SolutionGuid = {419A9A89-D5DE-41F3-90C3-9CFEAEA59492}
	EndGlobalSection
EndGlobal
